
Microsoft Visual Studio Solution File, Format Version 12.00
# Visual Studio 2012
Project("{FAE04EC0-301F-11D3-BF4B-00C04F79EFBC}") = "primeiroappaula01", "primeiroappaula01\primeiroappaula01.csproj", "{3D11C9CD-77C0-4CFC-A17C-4F0ADABF4893}"
EndProject
Global
	GlobalSection(SolutionConfigurationPlatforms) = preSolution
		Debug|Any CPU = Debug|Any CPU
		Release|Any CPU = Release|Any CPU
	EndGlobalSection
	GlobalSection(ProjectConfigurationPlatforms) = postSolution
		{3D11C9CD-77C0-4CFC-A17C-4F0ADABF4893}.Debug|Any CPU.ActiveCfg = Debug|Any CPU
		{3D11C9CD-77C0-4CFC-A17C-4F0ADABF4893}.Debug|Any CPU.Build.0 = Debug|Any CPU
		{3D11C9CD-77C0-4CFC-A17C-4F0ADABF4893}.Release|Any CPU.ActiveCfg = Release|Any CPU
		{3D11C9CD-77C0-4CFC-A17C-4F0ADABF4893}.Release|Any CPU.Build.0 = Release|Any CPU
	EndGlobalSection
	GlobalSection(SolutionProperties) = preSolution
		HideSolutionNode = FALSE
	EndGlobalSection
EndGlobal
